
Microsoft Visual Studio Solution File, Format Version 12.00
# Visual Studio Version 17
VisualStudioVersion = 17.10.35122.118
MinimumVisualStudioVersion = 10.0.40219.1
Project("{9A19103F-16F7-4668-BE54-9A1E7A4F7556}") = "VehicleManagementPOC", "VehicleManagementPOC.csproj", "{6ECC5575-5851-42EF-A74E-A4B94FD9AE09}"
EndProject
Global
	GlobalSection(SolutionConfigurationPlatforms) = preSolution
		Debug|Any CPU = Debug|Any CPU
		Release|Any CPU = Release|Any CPU
	EndGlobalSection
	GlobalSection(ProjectConfigurationPlatforms) = postSolution
		{6ECC5575-5851-42EF-A74E-A4B94FD9AE09}.Debug|Any CPU.ActiveCfg = Debug|Any CPU
		{6ECC5575-5851-42EF-A74E-A4B94FD9AE09}.Debug|Any CPU.Build.0 = Debug|Any CPU
		{6ECC5575-5851-42EF-A74E-A4B94FD9AE09}.Release|Any CPU.ActiveCfg = Release|Any CPU
		{6ECC5575-5851-42EF-A74E-A4B94FD9AE09}.Release|Any CPU.Build.0 = Release|Any CPU
	EndGlobalSection
	GlobalSection(SolutionProperties) = preSolution
		HideSolutionNode = FALSE
	EndGlobalSection
	GlobalSection(ExtensibilityGlobals) = postSolution
		SolutionGuid = {0754A483-90C2-4E99-AB51-5F13FC9178EE}
	EndGlobalSection
EndGlobal
